// !$*UTF8*$!
{
	archiveVersion = 1;
	classes = {
	};
	objectVersion = 55;
	objects = {

/* Begin PBXBuildFile section */
		9D277CF127BAAB7D00D9B085 /* AppDelegate.swift in Sources */ = {isa = PBXBuildFile; fileRef = 9D277CF027BAAB7D00D9B085 /* AppDelegate.swift */; };
		9D277CF327BAAB7D00D9B085 /* SceneDelegate.swift in Sources */ = {isa = PBXBuildFile; fileRef = 9D277CF227BAAB7D00D9B085 /* SceneDelegate.swift */; };
		9D277CF527BAAB7D00D9B085 /* ViewController.swift in Sources */ = {isa = PBXBuildFile; fileRef = 9D277CF427BAAB7D00D9B085 /* ViewController.swift */; };
		9D277CF827BAAB7D00D9B085 /* Main.storyboard in Resources */ = {isa = PBXBuildFile; fileRef = 9D277CF627BAAB7D00D9B085 /* Main.storyboard */; };
		9D277CFA27BAAB7E00D9B085 /* Assets.xcassets in Resources */ = {isa = PBXBuildFile; fileRef = 9D277CF927BAAB7E00D9B085 /* Assets.xcassets */; };
		9D277CFD27BAAB7E00D9B085 /* LaunchScreen.storyboard in Resources */ = {isa = PBXBuildFile; fileRef = 9D277CFB27BAAB7E00D9B085 /* LaunchScreen.storyboard */; };
		9D277D0827BAAB7E00D9B085 /* Lab05_AppleInfoTests.swift in Sources */ = {isa = PBXBuildFile; fileRef = 9D277D0727BAAB7E00D9B085 /* Lab05_AppleInfoTests.swift */; };
		9D277D1227BAAB7E00D9B085 /* Lab05_AppleInfoUITests.swift in Sources */ = {isa = PBXBuildFile; fileRef = 9D277D1127BAAB7E00D9B085 /* Lab05_AppleInfoUITests.swift */; };
		9D277D1427BAAB7E00D9B085 /* Lab05_AppleInfoUITestsLaunchTests.swift in Sources */ = {isa = PBXBuildFile; fileRef = 9D277D1327BAAB7E00D9B085 /* Lab05_AppleInfoUITestsLaunchTests.swift */; };
/* End PBXBuildFile section */

/* Begin PBXContainerItemProxy section */
		9D277D0427BAAB7E00D9B085 /* PBXContainerItemProxy */ = {
			isa = PBXContainerItemProxy;
			containerPortal = 9D277CE527BAAB7D00D9B085 /* Project object */;
			proxyType = 1;
			remoteGlobalIDString = 9D277CEC27BAAB7D00D9B085;
			remoteInfo = "Lab05-AppleInfo";
		};
		9D277D0E27BAAB7E00D9B085 /* PBXContainerItemProxy */ = {
			isa = PBXContainerItemProxy;
			containerPortal = 9D277CE527BAAB7D00D9B085 /* Project object */;
			proxyType = 1;
			remoteGlobalIDString = 9D277CEC27BAAB7D00D9B085;
			remoteInfo = "Lab05-AppleInfo";
		};
/* End PBXContainerItemProxy section */

/* Begin PBXFileReference section */
		9D277CED27BAAB7D00D9B085 /* Lab05-AppleInfo.app */ = {isa = PBXFileReference; explicitFileType = wrapper.application; includeInIndex = 0; path = "Lab05-AppleInfo.app"; sourceTree = BUILT_PRODUCTS_DIR; };
		9D277CF027BAAB7D00D9B085 /* AppDelegate.swift */ = {isa = PBXFileReference; lastKnownFileType = sourcecode.swift; path = AppDelegate.swift; sourceTree = "<group>"; };
		9D277CF227BAAB7D00D9B085 /* SceneDelegate.swift */ = {isa = PBXFileReference; lastKnownFileType = sourcecode.swift; path = SceneDelegate.swift; sourceTree = "<group>"; };
		9D277CF427BAAB7D00D9B085 /* ViewController.swift */ = {isa = PBXFileReference; lastKnownFileType = sourcecode.swift; path = ViewController.swift; sourceTree = "<group>"; };
		9D277CF727BAAB7D00D9B085 /* Base */ = {isa = PBXFileReference; lastKnownFileType = file.storyboard; name = Base; path = Base.lproj/Main.storyboard; sourceTree = "<group>"; };
		9D277CF927BAAB7E00D9B085 /* Assets.xcassets */ = {isa = PBXFileReference; lastKnownFileType = folder.assetcatalog; path = Assets.xcassets; sourceTree = "<group>"; };
		9D277CFC27BAAB7E00D9B085 /* Base */ = {isa = PBXFileReference; lastKnownFileType = file.storyboard; name = Base; path = Base.lproj/LaunchScreen.storyboard; sourceTree = "<group>"; };
		9D277CFE27BAAB7E00D9B085 /* Info.plist */ = {isa = PBXFileReference; lastKnownFileType = text.plist.xml; path = Info.plist; sourceTree = "<group>"; };
		9D277D0327BAAB7E00D9B085 /* Lab05-AppleInfoTests.xctest */ = {isa = PBXFileReference; explicitFileType = wrapper.cfbundle; includeInIndex = 0; path = "Lab05-AppleInfoTests.xctest"; sourceTree = BUILT_PRODUCTS_DIR; };
		9D277D0727BAAB7E00D9B085 /* Lab05_AppleInfoTests.swift */ = {isa = PBXFileReference; lastKnownFileType = sourcecode.swift; path = Lab05_AppleInfoTests.swift; sourceTree = "<group>"; };
		9D277D0D27BAAB7E00D9B085 /* Lab05-AppleInfoUITests.xctest */ = {isa = PBXFileReference; explicitFileType = wrapper.cfbundle; includeInIndex = 0; path = "Lab05-AppleInfoUITests.xctest"; sourceTree = BUILT_PRODUCTS_DIR; };
		9D277D1127BAAB7E00D9B085 /* Lab05_AppleInfoUITests.swift */ = {isa = PBXFileReference; lastKnownFileType = sourcecode.swift; path = Lab05_AppleInfoUITests.swift; sourceTree = "<group>"; };
		9D277D1327BAAB7E00D9B085 /* Lab05_AppleInfoUITestsLaunchTests.swift */ = {isa = PBXFileReference; lastKnownFileType = sourcecode.swift; path = Lab05_AppleInfoUITestsLaunchTests.swift; sourceTree = "<group>"; };
/* End PBXFileReference section */

/* Begin PBXFrameworksBuildPhase section */
		9D277CEA27BAAB7D00D9B085 /* Frameworks */ = {
			isa = PBXFrameworksBuildPhase;
			buildActionMask = 2147483647;
			files = (
			);
			runOnlyForDeploymentPostprocessing = 0;
		};
		9D277D0027BAAB7E00D9B085 /* Frameworks */ = {
			isa = PBXFrameworksBuildPhase;
			buildActionMask = 2147483647;
			files = (
			);
			runOnlyForDeploymentPostprocessing = 0;
		};
		9D277D0A27BAAB7E00D9B085 /* Frameworks */ = {
			isa = PBXFrameworksBuildPhase;
			buildActionMask = 2147483647;
			files = (
			);
			runOnlyForDeploymentPostprocessing = 0;
		};
/* End PBXFrameworksBuildPhase section */

/* Begin PBXGroup section */
		9D277CE427BAAB7D00D9B085 = {
			isa = PBXGroup;
			children = (
				9D277CEF27BAAB7D00D9B085 /* Lab05-AppleInfo */,
				9D277D0627BAAB7E00D9B085 /* Lab05-AppleInfoTests */,
				9D277D1027BAAB7E00D9B085 /* Lab05-AppleInfoUITests */,
				9D277CEE27BAAB7D00D9B085 /* Products */,
			);
			sourceTree = "<group>";
		};
		9D277CEE27BAAB7D00D9B085 /* Products */ = {
			isa = PBXGroup;
			children = (
				9D277CED27BAAB7D00D9B085 /* Lab05-AppleInfo.app */,
				9D277D0327BAAB7E00D9B085 /* Lab05-AppleInfoTests.xctest */,
				9D277D0D27BAAB7E00D9B085 /* Lab05-AppleInfoUITests.xctest */,
			);
			name = Products;
			sourceTree = "<group>";
		};
		9D277CEF27BAAB7D00D9B085 /* Lab05-AppleInfo */ = {
			isa = PBXGroup;
			children = (
				9D277CF027BAAB7D00D9B085 /* AppDelegate.swift */,
				9D277CF227BAAB7D00D9B085 /* SceneDelegate.swift */,
				9D277CF427BAAB7D00D9B085 /* ViewController.swift */,
				9D277CF627BAAB7D00D9B085 /* Main.storyboard */,
				9D277CF927BAAB7E00D9B085 /* Assets.xcassets */,
				9D277CFB27BAAB7E00D9B085 /* LaunchScreen.storyboard */,
				9D277CFE27BAAB7E00D9B085 /* Info.plist */,
			);
			path = "Lab05-AppleInfo";
			sourceTree = "<group>";
		};
		9D277D0627BAAB7E00D9B085 /* Lab05-AppleInfoTests */ = {
			isa = PBXGroup;
			children = (
				9D277D0727BAAB7E00D9B085 /* Lab05_AppleInfoTests.swift */,
			);
			path = "Lab05-AppleInfoTests";
			sourceTree = "<group>";
		};
		9D277D1027BAAB7E00D9B085 /* Lab05-AppleInfoUITests */ = {
			isa = PBXGroup;
			children = (
				9D277D1127BAAB7E00D9B085 /* Lab05_AppleInfoUITests.swift */,
				9D277D1327BAAB7E00D9B085 /* Lab05_AppleInfoUITestsLaunchTests.swift */,
			);
			path = "Lab05-AppleInfoUITests";
			sourceTree = "<group>";
		};
/* End PBXGroup section */

/* Begin PBXNativeTarget section */
		9D277CEC27BAAB7D00D9B085 /* Lab05-AppleInfo */ = {
			isa = PBXNativeTarget;
			buildConfigurationList = 9D277D1727BAAB7E00D9B085 /* Build configuration list for PBXNativeTarget "Lab05-AppleInfo" */;
			buildPhases = (
				9D277CE927BAAB7D00D9B085 /* Sources */,
				9D277CEA27BAAB7D00D9B085 /* Frameworks */,
				9D277CEB27BAAB7D00D9B085 /* Resources */,
			);
			buildRules = (
			);
			dependencies = (
			);
			name = "Lab05-AppleInfo";
			productName = "Lab05-AppleInfo";
			productReference = 9D277CED27BAAB7D00D9B085 /* Lab05-AppleInfo.app */;
			productType = "com.apple.product-type.application";
		};
		9D277D0227BAAB7E00D9B085 /* Lab05-AppleInfoTests */ = {
			isa = PBXNativeTarget;
			buildConfigurationList = 9D277D1A27BAAB7E00D9B085 /* Build configuration list for PBXNativeTarget "Lab05-AppleInfoTests" */;
			buildPhases = (
				9D277CFF27BAAB7E00D9B085 /* Sources */,
				9D277D0027BAAB7E00D9B085 /* Frameworks */,
				9D277D0127BAAB7E00D9B085 /* Resources */,
			);
			buildRules = (
			);
			dependencies = (
				9D277D0527BAAB7E00D9B085 /* PBXTargetDependency */,
			);
			name = "Lab05-AppleInfoTests";
			productName = "Lab05-AppleInfoTests";
			productReference = 9D277D0327BAAB7E00D9B085 /* Lab05-AppleInfoTests.xctest */;
			productType = "com.apple.product-type.bundle.unit-test";
		};
		9D277D0C27BAAB7E00D9B085 /* Lab05-AppleInfoUITests */ = {
			isa = PBXNativeTarget;
			buildConfigurationList = 9D277D1D27BAAB7E00D9B085 /* Build configuration list for PBXNativeTarget "Lab05-AppleInfoUITests" */;
			buildPhases = (
				9D277D0927BAAB7E00D9B085 /* Sources */,
				9D277D0A27BAAB7E00D9B085 /* Frameworks */,
				9D277D0B27BAAB7E00D9B085 /* Resources */,
			);
			buildRules = (
			);
			dependencies = (
				9D277D0F27BAAB7E00D9B085 /* PBXTargetDependency */,
			);
			name = "Lab05-AppleInfoUITests";
			productName = "Lab05-AppleInfoUITests";
			productReference = 9D277D0D27BAAB7E00D9B085 /* Lab05-AppleInfoUITests.xctest */;
			productType = "com.apple.product-type.bundle.ui-testing";
		};
/* End PBXNativeTarget section */

/* Begin PBXProject section */
		9D277CE527BAAB7D00D9B085 /* Project object */ = {
			isa = PBXProject;
			attributes = {
				BuildIndependentTargetsInParallel = 1;
				LastSwiftUpdateCheck = 1320;
				LastUpgradeCheck = 1320;
				TargetAttributes = {
					9D277CEC27BAAB7D00D9B085 = {
						CreatedOnToolsVersion = 13.2.1;
					};
					9D277D0227BAAB7E00D9B085 = {
						CreatedOnToolsVersion = 13.2.1;
						TestTargetID = 9D277CEC27BAAB7D00D9B085;
					};
					9D277D0C27BAAB7E00D9B085 = {
						CreatedOnToolsVersion = 13.2.1;
						TestTargetID = 9D277CEC27BAAB7D00D9B085;
					};
				};
			};
			buildConfigurationList = 9D277CE827BAAB7D00D9B085 /* Build configuration list for PBXProject "Lab05-AppleInfo" */;
			compatibilityVersion = "Xcode 13.0";
			developmentRegion = en;
			hasScannedForEncodings = 0;
			knownRegions = (
				en,
				Base,
			);
			mainGroup = 9D277CE427BAAB7D00D9B085;
			productRefGroup = 9D277CEE27BAAB7D00D9B085 /* Products */;
			projectDirPath = "";
			projectRoot = "";
			targets = (
				9D277CEC27BAAB7D00D9B085 /* Lab05-AppleInfo */,
				9D277D0227BAAB7E00D9B085 /* Lab05-AppleInfoTests */,
				9D277D0C27BAAB7E00D9B085 /* Lab05-AppleInfoUITests */,
			);
		};
/* End PBXProject section */

/* Begin PBXResourcesBuildPhase section */
		9D277CEB27BAAB7D00D9B085 /* Resources */ = {
			isa = PBXResourcesBuildPhase;
			buildActionMask = 2147483647;
			files = (
				9D277CFD27BAAB7E00D9B085 /* LaunchScreen.storyboard in Resources */,
				9D277CFA27BAAB7E00D9B085 /* Assets.xcassets in Resources */,
				9D277CF827BAAB7D00D9B085 /* Main.storyboard in Resources */,
			);
			runOnlyForDeploymentPostprocessing = 0;
		};
		9D277D0127BAAB7E00D9B085 /* Resources */ = {
			isa = PBXResourcesBuildPhase;
			buildActionMask = 2147483647;
			files = (
			);
			runOnlyForDeploymentPostprocessing = 0;
		};
		9D277D0B27BAAB7E00D9B085 /* Resources */ = {
			isa = PBXResourcesBuildPhase;
			buildActionMask = 2147483647;
			files = (
			);
			runOnlyForDeploymentPostprocessing = 0;
		};
/* End PBXResourcesBuildPhase section */

/* Begin PBXSourcesBuildPhase section */
		9D277CE927BAAB7D00D9B085 /* Sources */ = {
			isa = PBXSourcesBuildPhase;
			buildActionMask = 2147483647;
			files = (
				9D277CF527BAAB7D00D9B085 /* ViewController.swift in Sources */,
				9D277CF127BAAB7D00D9B085 /* AppDelegate.swift in Sources */,
				9D277CF327BAAB7D00D9B085 /* SceneDelegate.swift in Sources */,
			);
			runOnlyForDeploymentPostprocessing = 0;
		};
		9D277CFF27BAAB7E00D9B085 /* Sources */ = {
			isa = PBXSourcesBuildPhase;
			buildActionMask = 2147483647;
			files = (
				9D277D0827BAAB7E00D9B085 /* Lab05_AppleInfoTests.swift in Sources */,
			);
			runOnlyForDeploymentPostprocessing = 0;
		};
		9D277D0927BAAB7E00D9B085 /* Sources */ = {
			isa = PBXSourcesBuildPhase;
			buildActionMask = 2147483647;
			files = (
				9D277D1427BAAB7E00D9B085 /* Lab05_AppleInfoUITestsLaunchTests.swift in Sources */,
				9D277D1227BAAB7E00D9B085 /* Lab05_AppleInfoUITests.swift in Sources */,
			);
			runOnlyForDeploymentPostprocessing = 0;
		};
/* End PBXSourcesBuildPhase section */

/* Begin PBXTargetDependency section */
		9D277D0527BAAB7E00D9B085 /* PBXTargetDependency */ = {
			isa = PBXTargetDependency;
			target = 9D277CEC27BAAB7D00D9B085 /* Lab05-AppleInfo */;
			targetProxy = 9D277D0427BAAB7E00D9B085 /* PBXContainerItemProxy */;
		};
		9D277D0F27BAAB7E00D9B085 /* PBXTargetDependency */ = {
			isa = PBXTargetDependency;
			target = 9D277CEC27BAAB7D00D9B085 /* Lab05-AppleInfo */;
			targetProxy = 9D277D0E27BAAB7E00D9B085 /* PBXContainerItemProxy */;
		};
/* End PBXTargetDependency section */

/* Begin PBXVariantGroup section */
		9D277CF627BAAB7D00D9B085 /* Main.storyboard */ = {
			isa = PBXVariantGroup;
			children = (
				9D277CF727BAAB7D00D9B085 /* Base */,
			);
			name = Main.storyboard;
			sourceTree = "<group>";
		};
		9D277CFB27BAAB7E00D9B085 /* LaunchScreen.storyboard */ = {
			isa = PBXVariantGroup;
			children = (
				9D277CFC27BAAB7E00D9B085 /* Base */,
			);
			name = LaunchScreen.storyboard;
			sourceTree = "<group>";
		};
/* End PBXVariantGroup section */

/* Begin XCBuildConfiguration section */
		9D277D1527BAAB7E00D9B085 /* Debug */ = {
			isa = XCBuildConfiguration;
			buildSettings = {
				ALWAYS_SEARCH_USER_PATHS = NO;
				CLANG_ANALYZER_NONNULL = YES;
				CLANG_ANALYZER_NUMBER_OBJECT_CONVERSION = YES_AGGRESSIVE;
				CLANG_CXX_LANGUAGE_STANDARD = "gnu++17";
				CLANG_CXX_LIBRARY = "libc++";
				CLANG_ENABLE_MODULES = YES;
				CLANG_ENABLE_OBJC_ARC = YES;
				CLANG_ENABLE_OBJC_WEAK = YES;
				CLANG_WARN_BLOCK_CAPTURE_AUTORELEASING = YES;
				CLANG_WARN_BOOL_CONVERSION = YES;
				CLANG_WARN_COMMA = YES;
				CLANG_WARN_CONSTANT_CONVERSION = YES;
				CLANG_WARN_DEPRECATED_OBJC_IMPLEMENTATIONS = YES;
				CLANG_WARN_DIRECT_OBJC_ISA_USAGE = YES_ERROR;
				CLANG_WARN_DOCUMENTATION_COMMENTS = YES;
				CLANG_WARN_EMPTY_BODY = YES;
				CLANG_WARN_ENUM_CONVERSION = YES;
				CLANG_WARN_INFINITE_RECURSION = YES;
				CLANG_WARN_INT_CONVERSION = YES;
				CLANG_WARN_NON_LITERAL_NULL_CONVERSION = YES;
				CLANG_WARN_OBJC_IMPLICIT_RETAIN_SELF = YES;
				CLANG_WARN_OBJC_LITERAL_CONVERSION = YES;
				CLANG_WARN_OBJC_ROOT_CLASS = YES_ERROR;
				CLANG_WARN_QUOTED_INCLUDE_IN_FRAMEWORK_HEADER = YES;
				CLANG_WARN_RANGE_LOOP_ANALYSIS = YES;
				CLANG_WARN_STRICT_PROTOTYPES = YES;
				CLANG_WARN_SUSPICIOUS_MOVE = YES;
				CLANG_WARN_UNGUARDED_AVAILABILITY = YES_AGGRESSIVE;
				CLANG_WARN_UNREACHABLE_CODE = YES;
				CLANG_WARN__DUPLICATE_METHOD_MATCH = YES;
				COPY_PHASE_STRIP = NO;
				DEBUG_INFORMATION_FORMAT = dwarf;
				ENABLE_STRICT_OBJC_MSGSEND = YES;
				ENABLE_TESTABILITY = YES;
				GCC_C_LANGUAGE_STANDARD = gnu11;
				GCC_DYNAMIC_NO_PIC = NO;
				GCC_NO_COMMON_BLOCKS = YES;
				GCC_OPTIMIZATION_LEVEL = 0;
				GCC_PREPROCESSOR_DEFINITIONS = (
					"DEBUG=1",
					"$(inherited)",
				);
				GCC_WARN_64_TO_32_BIT_CONVERSION = YES;
				GCC_WARN_ABOUT_RETURN_TYPE = YES_ERROR;
				GCC_WARN_UNDECLARED_SELECTOR = YES;
				GCC_WARN_UNINITIALIZED_AUTOS = YES_AGGRESSIVE;
				GCC_WARN_UNUSED_FUNCTION = YES;
				GCC_WARN_UNUSED_VARIABLE = YES;
				IPHONEOS_DEPLOYMENT_TARGET = 15.2;
				MTL_ENABLE_DEBUG_INFO = INCLUDE_SOURCE;
				MTL_FAST_MATH = YES;
				ONLY_ACTIVE_ARCH = YES;
				SDKROOT = iphoneos;
				SWIFT_ACTIVE_COMPILATION_CONDITIONS = DEBUG;
				SWIFT_OPTIMIZATION_LEVEL = "-Onone";
			};
			name = Debug;
		};
		9D277D1627BAAB7E00D9B085 /* Release */ = {
			isa = XCBuildConfiguration;
			buildSettings = {
				ALWAYS_SEARCH_USER_PATHS = NO;
				CLANG_ANALYZER_NONNULL = YES;
				CLANG_ANALYZER_NUMBER_OBJECT_CONVERSION = YES_AGGRESSIVE;
				CLANG_CXX_LANGUAGE_STANDARD = "gnu++17";
				CLANG_CXX_LIBRARY = "libc++";
				CLANG_ENABLE_MODULES = YES;
				CLANG_ENABLE_OBJC_ARC = YES;
				CLANG_ENABLE_OBJC_WEAK = YES;
				CLANG_WARN_BLOCK_CAPTURE_AUTORELEASING = YES;
				CLANG_WARN_BOOL_CONVERSION = YES;
				CLANG_WARN_COMMA = YES;
				CLANG_WARN_CONSTANT_CONVERSION = YES;
				CLANG_WARN_DEPRECATED_OBJC_IMPLEMENTATIONS = YES;
				CLANG_WARN_DIRECT_OBJC_ISA_USAGE = YES_ERROR;
				CLANG_WARN_DOCUMENTATION_COMMENTS = YES;
				CLANG_WARN_EMPTY_BODY = YES;
				CLANG_WARN_ENUM_CONVERSION = YES;
				CLANG_WARN_INFINITE_RECURSION = YES;
				CLANG_WARN_INT_CONVERSION = YES;
				CLANG_WARN_NON_LITERAL_NULL_CONVERSION = YES;
				CLANG_WARN_OBJC_IMPLICIT_RETAIN_SELF = YES;
				CLANG_WARN_OBJC_LITERAL_CONVERSION = YES;
				CLANG_WARN_OBJC_ROOT_CLASS = YES_ERROR;
				CLANG_WARN_QUOTED_INCLUDE_IN_FRAMEWORK_HEADER = YES;
				CLANG_WARN_RANGE_LOOP_ANALYSIS = YES;
				CLANG_WARN_STRICT_PROTOTYPES = YES;
				CLANG_WARN_SUSPICIOUS_MOVE = YES;
				CLANG_WARN_UNGUARDED_AVAILABILITY = YES_AGGRESSIVE;
				CLANG_WARN_UNREACHABLE_CODE = YES;
				CLANG_WARN__DUPLICATE_METHOD_MATCH = YES;
				COPY_PHASE_STRIP = NO;
				DEBUG_INFORMATION_FORMAT = "dwarf-with-dsym";
				ENABLE_NS_ASSERTIONS = NO;
				ENABLE_STRICT_OBJC_MSGSEND = YES;
				GCC_C_LANGUAGE_STANDARD = gnu11;
				GCC_NO_COMMON_BLOCKS = YES;
				GCC_WARN_64_TO_32_BIT_CONVERSION = YES;
				GCC_WARN_ABOUT_RETURN_TYPE = YES_ERROR;
				GCC_WARN_UNDECLARED_SELECTOR = YES;
				GCC_WARN_UNINITIALIZED_AUTOS = YES_AGGRESSIVE;
				GCC_WARN_UNUSED_FUNCTION = YES;
				GCC_WARN_UNUSED_VARIABLE = YES;
				IPHONEOS_DEPLOYMENT_TARGET = 15.2;
				MTL_ENABLE_DEBUG_INFO = NO;
				MTL_FAST_MATH = YES;
				SDKROOT = iphoneos;
				SWIFT_COMPILATION_MODE = wholemodule;
				SWIFT_OPTIMIZATION_LEVEL = "-O";
				VALIDATE_PRODUCT = YES;
			};
			name = Release;
		};
		9D277D1827BAAB7E00D9B085 /* Debug */ = {
			isa = XCBuildConfiguration;
			buildSettings = {
				ASSETCATALOG_COMPILER_APPICON_NAME = AppIcon;
				ASSETCATALOG_COMPILER_GLOBAL_ACCENT_COLOR_NAME = AccentColor;
				CODE_SIGN_STYLE = Automatic;
				CURRENT_PROJECT_VERSION = 1;
				GENERATE_INFOPLIST_FILE = YES;
				INFOPLIST_FILE = "Lab05-AppleInfo/Info.plist";
				INFOPLIST_KEY_UIApplicationSupportsIndirectInputEvents = YES;
				INFOPLIST_KEY_UILaunchStoryboardName = LaunchScreen;
				INFOPLIST_KEY_UIMainStoryboardFile = Main;
				INFOPLIST_KEY_UISupportedInterfaceOrientations_iPad = "UIInterfaceOrientationPortrait UIInterfaceOrientationPortraitUpsideDown UIInterfaceOrientationLandscapeLeft UIInterfaceOrientationLandscapeRight";
				INFOPLIST_KEY_UISupportedInterfaceOrientations_iPhone = "UIInterfaceOrientationPortrait UIInterfaceOrientationLandscapeLeft UIInterfaceOrientationLandscapeRight";
				LD_RUNPATH_SEARCH_PATHS = (
					"$(inherited)",
					"@executable_path/Frameworks",
				);
				MARKETING_VERSION = 1.0;
				PRODUCT_BUNDLE_IDENTIFIER = "edu.tric.it.Lab05-AppleInfo";
				PRODUCT_NAME = "$(TARGET_NAME)";
				SWIFT_EMIT_LOC_STRINGS = YES;
				SWIFT_VERSION = 5.0;
				TARGETED_DEVICE_FAMILY = "1,2";
			};
			name = Debug;
		};
		9D277D1927BAAB7E00D9B085 /* Release */ = {
			isa = XCBuildConfiguration;
			buildSettings = {
				ASSETCATALOG_COMPILER_APPICON_NAME = AppIcon;
				ASSETCATALOG_COMPILER_GLOBAL_ACCENT_COLOR_NAME = AccentColor;
				CODE_SIGN_STYLE = Automatic;
				CURRENT_PROJECT_VERSION = 1;
				GENERATE_INFOPLIST_FILE = YES;
				INFOPLIST_FILE = "Lab05-AppleInfo/Info.plist";
				INFOPLIST_KEY_UIApplicationSupportsIndirectInputEvents = YES;
				INFOPLIST_KEY_UILaunchStoryboardName = LaunchScreen;
				INFOPLIST_KEY_UIMainStoryboardFile = Main;
				INFOPLIST_KEY_UISupportedInterfaceOrientations_iPad = "UIInterfaceOrientationPortrait UIInterfaceOrientationPortraitUpsideDown UIInterfaceOrientationLandscapeLeft UIInterfaceOrientationLandscapeRight";
				INFOPLIST_KEY_UISupportedInterfaceOrientations_iPhone = "UIInterfaceOrientationPortrait UIInterfaceOrientationLandscapeLeft UIInterfaceOrientationLandscapeRight";
				LD_RUNPATH_SEARCH_PATHS = (
					"$(inherited)",
					"@executable_path/Frameworks",
				);
				MARKETING_VERSION = 1.0;
				PRODUCT_BUNDLE_IDENTIFIER = "edu.tric.it.Lab05-AppleInfo";
				PRODUCT_NAME = "$(TARGET_NAME)";
				SWIFT_EMIT_LOC_STRINGS = YES;
				SWIFT_VERSION = 5.0;
				TARGETED_DEVICE_FAMILY = "1,2";
			};
			name = Release;
		};
		9D277D1B27BAAB7E00D9B085 /* Debug */ = {
			isa = XCBuildConfiguration;
			buildSettings = {
				ALWAYS_EMBED_SWIFT_STANDARD_LIBRARIES = YES;
				BUNDLE_LOADER = "$(TEST_HOST)";
				CODE_SIGN_STYLE = Automatic;
				CURRENT_PROJECT_VERSION = 1;
				GENERATE_INFOPLIST_FILE = YES;
				IPHONEOS_DEPLOYMENT_TARGET = 15.2;
				MARKETING_VERSION = 1.0;
				PRODUCT_BUNDLE_IDENTIFIER = "edu.tric.it.Lab05-AppleInfoTests";
				PRODUCT_NAME = "$(TARGET_NAME)";
				SWIFT_EMIT_LOC_STRINGS = NO;
				SWIFT_VERSION = 5.0;
				TARGETED_DEVICE_FAMILY = "1,2";
				TEST_HOST = "$(BUILT_PRODUCTS_DIR)/Lab05-AppleInfo.app/Lab05-AppleInfo";
			};
			name = Debug;
		};
		9D277D1C27BAAB7E00D9B085 /* Release */ = {
			isa = XCBuildConfiguration;
			buildSettings = {
				ALWAYS_EMBED_SWIFT_STANDARD_LIBRARIES = YES;
				BUNDLE_LOADER = "$(TEST_HOST)";
				CODE_SIGN_STYLE = Automatic;
				CURRENT_PROJECT_VERSION = 1;
				GENERATE_INFOPLIST_FILE = YES;
				IPHONEOS_DEPLOYMENT_TARGET = 15.2;
				MARKETING_VERSION = 1.0;
				PRODUCT_BUNDLE_IDENTIFIER = "edu.tric.it.Lab05-AppleInfoTests";
				PRODUCT_NAME = "$(TARGET_NAME)";
				SWIFT_EMIT_LOC_STRINGS = NO;
				SWIFT_VERSION = 5.0;
				TARGETED_DEVICE_FAMILY = "1,2";
				TEST_HOST = "$(BUILT_PRODUCTS_DIR)/Lab05-AppleInfo.app/Lab05-AppleInfo";
			};
			name = Release;
		};
		9D277D1E27BAAB7E00D9B085 /* Debug */ = {
			isa = XCBuildConfiguration;
			buildSettings = {
				ALWAYS_EMBED_SWIFT_STANDARD_LIBRARIES = YES;
				CODE_SIGN_STYLE = Automatic;
				CURRENT_PROJECT_VERSION = 1;
				GENERATE_INFOPLIST_FILE = YES;
				MARKETING_VERSION = 1.0;
				PRODUCT_BUNDLE_IDENTIFIER = "edu.tric.it.Lab05-AppleInfoUITests";
				PRODUCT_NAME = "$(TARGET_NAME)";
				SWIFT_EMIT_LOC_STRINGS = NO;
				SWIFT_VERSION = 5.0;
				TARGETED_DEVICE_FAMILY = "1,2";
				TEST_TARGET_NAME = "Lab05-AppleInfo";
			};
			name = Debug;
		};
		9D277D1F27BAAB7E00D9B085 /* Release */ = {
			isa = XCBuildConfiguration;
			buildSettings = {
				ALWAYS_EMBED_SWIFT_STANDARD_LIBRARIES = YES;
				CODE_SIGN_STYLE = Automatic;
				CURRENT_PROJECT_VERSION = 1;
				GENERATE_INFOPLIST_FILE = YES;
				MARKETING_VERSION = 1.0;
				PRODUCT_BUNDLE_IDENTIFIER = "edu.tric.it.Lab05-AppleInfoUITests";
				PRODUCT_NAME = "$(TARGET_NAME)";
				SWIFT_EMIT_LOC_STRINGS = NO;
				SWIFT_VERSION = 5.0;
				TARGETED_DEVICE_FAMILY = "1,2";
				TEST_TARGET_NAME = "Lab05-AppleInfo";
			};
			name = Release;
		};
/* End XCBuildConfiguration section */

/* Begin XCConfigurationList section */
		9D277CE827BAAB7D00D9B085 /* Build configuration list for PBXProject "Lab05-AppleInfo" */ = {
			isa = XCConfigurationList;
			buildConfigurations = (
				9D277D1527BAAB7E00D9B085 /* Debug */,
				9D277D1627BAAB7E00D9B085 /* Release */,
			);
			defaultConfigurationIsVisible = 0;
			defaultConfigurationName = Release;
		};
		9D277D1727BAAB7E00D9B085 /* Build configuration list for PBXNativeTarget "Lab05-AppleInfo" */ = {
			isa = XCConfigurationList;
			buildConfigurations = (
				9D277D1827BAAB7E00D9B085 /* Debug */,
				9D277D1927BAAB7E00D9B085 /* Release */,
			);
			defaultConfigurationIsVisible = 0;
			defaultConfigurationName = Release;
		};
		9D277D1A27BAAB7E00D9B085 /* Build configuration list for PBXNativeTarget "Lab05-AppleInfoTests" */ = {
			isa = XCConfigurationList;
			buildConfigurations = (
				9D277D1B27BAAB7E00D9B085 /* Debug */,
				9D277D1C27BAAB7E00D9B085 /* Release */,
			);
			defaultConfigurationIsVisible = 0;
			defaultConfigurationName = Release;
		};
		9D277D1D27BAAB7E00D9B085 /* Build configuration list for PBXNativeTarget "Lab05-AppleInfoUITests" */ = {
			isa = XCConfigurationList;
			buildConfigurations = (
				9D277D1E27BAAB7E00D9B085 /* Debug */,
				9D277D1F27BAAB7E00D9B085 /* Release */,
			);
			defaultConfigurationIsVisible = 0;
			defaultConfigurationName = Release;
		};
/* End XCConfigurationList section */
	};
	rootObject = 9D277CE527BAAB7D00D9B085 /* Project object */;
}
